
Microsoft Visual Studio Solution File, Format Version 12.00
# Visual Studio 2012
Project("{FAE04EC0-301F-11D3-BF4B-00C04F79EFBC}") = "Steinnheiser", "Steinnheiser\Steinnheiser.csproj", "{3E33A5EE-78D1-44D6-9A7A-107C8B778F36}"
EndProject
Global
	GlobalSection(SolutionConfigurationPlatforms) = preSolution
		Debug|Any CPU = Debug|Any CPU
		Release|Any CPU = Release|Any CPU
	EndGlobalSection
	GlobalSection(ProjectConfigurationPlatforms) = postSolution
		{3E33A5EE-78D1-44D6-9A7A-107C8B778F36}.Debug|Any CPU.ActiveCfg = Debug|Any CPU
		{3E33A5EE-78D1-44D6-9A7A-107C8B778F36}.Debug|Any CPU.Build.0 = Debug|Any CPU
		{3E33A5EE-78D1-44D6-9A7A-107C8B778F36}.Release|Any CPU.ActiveCfg = Release|Any CPU
		{3E33A5EE-78D1-44D6-9A7A-107C8B778F36}.Release|Any CPU.Build.0 = Release|Any CPU
	EndGlobalSection
	GlobalSection(SolutionProperties) = preSolution
		HideSolutionNode = FALSE
	EndGlobalSection
EndGlobal
